{
  "name": "example-plotly-metrics",
  "version": "0.1.0",
  "lockfileVersion": 1,
  "requires": true,
  "dependencies": {
    "ansi-styles": {
      "version": "3.2.1",
      "resolved": "https://schoology.jfrog.io/schoology/api/npm/npm/ansi-styles/-/ansi-styles-3.2.1.tgz",
      "integrity": "sha1-QfuyAkPlCxK+DwS43tvwdSDOhB0=",
      "dev": true,
      "requires": {
        "color-convert": "^1.9.0"
      }
    },
    "arr-flatten": {
      "version": "1.1.0",
      "resolved": "https://schoology.jfrog.io/schoology/api/npm/npm/arr-flatten/-/arr-flatten-1.1.0.tgz",
      "integrity": "sha1-NgSLv/TntH4TZkQxbJlmnqWukfE="
    },
    "ast-module-types": {
      "version": "2.3.2",
      "resolved": "https://schoology.jfrog.io/schoology/api/npm/npm/ast-module-types/-/ast-module-types-2.3.2.tgz",
      "integrity": "sha1-S7HeLXKWeIJEKeIqYo0D6H30rRE="
    },
    "aws-sdk": {
      "version": "2.279.1",
      "resolved": "https://schoology.jfrog.io/schoology/api/npm/npm/aws-sdk/-/aws-sdk-2.279.1.tgz",
      "integrity": "sha1-Ok/UFnky5DYdvc/LF0zkhA/8vyA=",
      "dev": true,
      "requires": {
        "buffer": "4.9.1",
        "events": "1.1.1",
        "ieee754": "1.1.8",
        "jmespath": "0.15.0",
        "querystring": "0.2.0",
        "sax": "1.2.1",
        "url": "0.10.3",
        "uuid": "3.1.0",
        "xml2js": "0.4.19"
      }
    },
    "babylon": {
      "version": "6.18.0",
      "resolved": "https://schoology.jfrog.io/schoology/api/npm/npm/babylon/-/babylon-6.18.0.tgz",
      "integrity": "sha1-ry87iPpvXB5MY00aD46sT1WzleM="
    },
    "balanced-match": {
      "version": "1.0.0",
      "resolved": "https://schoology.jfrog.io/schoology/api/npm/npm/balanced-match/-/balanced-match-1.0.0.tgz",
      "integrity": "sha1-ibTRmasr7kneFk6gK4nORi1xt2c="
    },
    "base64-js": {
      "version": "1.3.0",
      "resolved": "https://schoology.jfrog.io/schoology/api/npm/npm/base64-js/-/base64-js-1.3.0.tgz",
      "integrity": "sha1-yrHmEY8FEJXli1KBrqjBzSK/wOM=",
      "dev": true
    },
    "brace-expansion": {
      "version": "1.1.11",
      "resolved": "https://schoology.jfrog.io/schoology/api/npm/npm/brace-expansion/-/brace-expansion-1.1.11.tgz",
      "integrity": "sha1-PH/L9SnYcibz0vUrlm/1Jx60Qd0=",
      "requires": {
        "balanced-match": "^1.0.0",
        "concat-map": "0.0.1"
      }
    },
    "buffer": {
      "version": "4.9.1",
      "resolved": "https://schoology.jfrog.io/schoology/api/npm/npm/buffer/-/buffer-4.9.1.tgz",
      "integrity": "sha1-bRu2AbB6TvztlwlBMgkwJ8lbwpg=",
      "dev": true,
      "requires": {
        "base64-js": "^1.0.2",
        "ieee754": "^1.1.4",
        "isarray": "^1.0.0"
      }
    },
    "chalk": {
      "version": "2.4.1",
      "resolved": "https://schoology.jfrog.io/schoology/api/npm/npm/chalk/-/chalk-2.4.1.tgz",
      "integrity": "sha1-GMSasWoDe26wFSzIPjRxM4IVtm4=",
      "dev": true,
      "requires": {
        "ansi-styles": "^3.2.1",
        "escape-string-regexp": "^1.0.5",
        "supports-color": "^5.3.0"
      }
    },
    "color-convert": {
      "version": "1.9.2",
      "resolved": "https://schoology.jfrog.io/schoology/api/npm/npm/color-convert/-/color-convert-1.9.2.tgz",
      "integrity": "sha1-SYgbj7pn3xKpa98/VsCqueeRMUc=",
      "dev": true,
      "requires": {
        "color-name": "1.1.1"
      }
    },
    "color-name": {
      "version": "1.1.1",
      "resolved": "https://schoology.jfrog.io/schoology/api/npm/npm/color-name/-/color-name-1.1.1.tgz",
      "integrity": "sha1-SxQVMEz1ACjqgWQ2Q72C6gWANok=",
      "dev": true
    },
    "commander": {
      "version": "2.16.0",
      "resolved": "https://schoology.jfrog.io/schoology/api/npm/npm/commander/-/commander-2.16.0.tgz",
      "integrity": "sha1-8WOQWTmWzrTz7rAgsx14Uo9/ilA="
    },
    "concat-map": {
      "version": "0.0.1",
      "resolved": "https://schoology.jfrog.io/schoology/api/npm/npm/concat-map/-/concat-map-0.0.1.tgz",
      "integrity": "sha1-2Klr13/Wjfd5OnMDajug1UBdR3s="
    },
    "core-js": {
      "version": "2.3.0",
      "resolved": "https://schoology.jfrog.io/schoology/api/npm/npm/core-js/-/core-js-2.3.0.tgz",
      "integrity": "sha1-+rg/uwstjchfpjbEudNMdUIMbWU=",
      "dev": true
    },
    "core-util-is": {
      "version": "1.0.2",
      "resolved": "https://schoology.jfrog.io/schoology/api/npm/npm/core-util-is/-/core-util-is-1.0.2.tgz",
      "integrity": "sha1-tf1UIgqivFq1eqtxQMlAdUUDwac=",
      "dev": true
    },
    "debug": {
      "version": "2.6.9",
      "resolved": "https://schoology.jfrog.io/schoology/api/npm/npm/debug/-/debug-2.6.9.tgz",
      "integrity": "sha1-XRKFFd8TT/Mn6QpMk/Tgd6U2NB8=",
      "requires": {
        "ms": "2.0.0"
      }
    },
    "deep-is": {
      "version": "0.1.3",
      "resolved": "https://schoology.jfrog.io/schoology/api/npm/npm/deep-is/-/deep-is-0.1.3.tgz",
      "integrity": "sha1-s2nW+128E+7PUk+RsHD+7cNXzzQ="
    },
    "detective-amd": {
      "version": "2.4.0",
      "resolved": "https://schoology.jfrog.io/schoology/api/npm/npm/detective-amd/-/detective-amd-2.4.0.tgz",
      "integrity": "sha1-XrDfTvXBipQDOwfa8TbbzV/HXNU=",
      "requires": {
        "ast-module-types": "^2.3.1",
        "escodegen": "^1.8.0",
        "get-amd-module-type": "^2.0.4",
        "node-source-walk": "^3.0.0"
      }
    },
    "detective-cjs": {
      "version": "2.0.0",
      "resolved": "https://schoology.jfrog.io/schoology/api/npm/npm/detective-cjs/-/detective-cjs-2.0.0.tgz",
      "integrity": "sha1-3OTJMCzcpS5ri/04d8qT9ixczAM=",
      "requires": {
        "ast-module-types": "^2.3.2",
        "node-source-walk": "^3.0.0"
      }
    },
    "detective-es6": {
      "version": "1.2.0",
      "resolved": "https://schoology.jfrog.io/schoology/api/npm/npm/detective-es6/-/detective-es6-1.2.0.tgz",
      "integrity": "sha1-a5s71Uf9jyH4lQL2JuRe0qMnb9w=",
      "requires": {
        "node-source-walk": "^3.3.0"
      }
    },
    "detective-less": {
      "version": "1.0.0",
      "resolved": "https://schoology.jfrog.io/schoology/api/npm/npm/detective-less/-/detective-less-1.0.0.tgz",
      "integrity": "sha1-Qmx4yatuMnW/ZsyRq6wAU7tFLX0=",
      "requires": {
        "debug": "~2.2.0",
        "gonzales-pe": "^3.4.4",
        "node-source-walk": "^3.2.0"
      },
      "dependencies": {
        "debug": {
          "version": "2.2.0",
          "resolved": "https://schoology.jfrog.io/schoology/api/npm/npm/debug/-/debug-2.2.0.tgz",
          "integrity": "sha1-+HBX6ZWxofauaklgZkE3vFbwOdo=",
          "requires": {
            "ms": "0.7.1"
          }
        },
        "ms": {
          "version": "0.7.1",
          "resolved": "https://schoology.jfrog.io/schoology/api/npm/npm/ms/-/ms-0.7.1.tgz",
          "integrity": "sha1-nNE8A62/8ltl7/3nzoZO6VIBcJg="
        }
      }
    },
    "detective-sass": {
      "version": "2.0.1",
      "resolved": "https://schoology.jfrog.io/schoology/api/npm/npm/detective-sass/-/detective-sass-2.0.1.tgz",
      "integrity": "sha1-BWYKoblc/Yf1dGQ7+s4+iiaBEqE=",
      "requires": {
        "debug": "^3.1.0",
        "gonzales-pe": "^3.4.4",
        "node-source-walk": "^3.2.0"
      },
      "dependencies": {
        "debug": {
          "version": "3.1.0",
          "resolved": "https://schoology.jfrog.io/schoology/api/npm/npm/debug/-/debug-3.1.0.tgz",
          "integrity": "sha1-W7WgZyYotkFJVmuhaBnmFRjGcmE=",
          "requires": {
            "ms": "2.0.0"
          }
        }
      }
    },
    "detective-scss": {
      "version": "1.0.1",
      "resolved": "https://schoology.jfrog.io/schoology/api/npm/npm/detective-scss/-/detective-scss-1.0.1.tgz",
      "integrity": "sha1-dDJGoN01jZ2R/0ElQX9qd/vPJw8=",
      "requires": {
        "debug": "^3.1.0",
        "gonzales-pe": "^3.4.4",
        "node-source-walk": "^3.2.0"
      },
      "dependencies": {
        "debug": {
          "version": "3.1.0",
          "resolved": "https://schoology.jfrog.io/schoology/api/npm/npm/debug/-/debug-3.1.0.tgz",
          "integrity": "sha1-W7WgZyYotkFJVmuhaBnmFRjGcmE=",
          "requires": {
            "ms": "2.0.0"
          }
        }
      }
    },
    "detective-stylus": {
      "version": "1.0.0",
      "resolved": "https://schoology.jfrog.io/schoology/api/npm/npm/detective-stylus/-/detective-stylus-1.0.0.tgz",
      "integrity": "sha1-UK7n24uruZA4HwEMY/q7pbWOVM0="
    },
    "es6-promise": {
      "version": "3.0.2",
      "resolved": "https://schoology.jfrog.io/schoology/api/npm/npm/es6-promise/-/es6-promise-3.0.2.tgz",
      "integrity": "sha1-AQ1YWEI6XxGJeWZfRkhqlcbuK7Y=",
      "dev": true
    },
    "escape-string-regexp": {
      "version": "1.0.5",
      "resolved": "https://schoology.jfrog.io/schoology/api/npm/npm/escape-string-regexp/-/escape-string-regexp-1.0.5.tgz",
      "integrity": "sha1-G2HAViGQqN/2rjuyzwIAyhMLhtQ=",
      "dev": true
    },
    "escodegen": {
      "version": "1.11.0",
      "resolved": "https://schoology.jfrog.io/schoology/api/npm/npm/escodegen/-/escodegen-1.11.0.tgz",
      "integrity": "sha1-snqTiUgdW/1b7Hb3ux6z+PRVZYk=",
      "requires": {
        "esprima": "^3.1.3",
        "estraverse": "^4.2.0",
        "esutils": "^2.0.2",
        "optionator": "^0.8.1",
        "source-map": "~0.6.1"
      }
    },
    "esprima": {
      "version": "3.1.3",
      "resolved": "https://schoology.jfrog.io/schoology/api/npm/npm/esprima/-/esprima-3.1.3.tgz",
      "integrity": "sha1-/cpRzuYTOJXjyI1TXOSdv/YqRjM="
    },
    "estraverse": {
      "version": "4.2.0",
      "resolved": "https://schoology.jfrog.io/schoology/api/npm/npm/estraverse/-/estraverse-4.2.0.tgz",
      "integrity": "sha1-De4/7TH81GlhjOc0IJn8GvoL2xM="
    },
    "esutils": {
      "version": "2.0.2",
      "resolved": "https://schoology.jfrog.io/schoology/api/npm/npm/esutils/-/esutils-2.0.2.tgz",
      "integrity": "sha1-Cr9PHKpbyx96nYrMbepPqqBLrJs="
    },
    "events": {
      "version": "1.1.1",
      "resolved": "https://schoology.jfrog.io/schoology/api/npm/npm/events/-/events-1.1.1.tgz",
      "integrity": "sha1-nr23Y1rQmccNzEwqH1AEKI6L2SQ=",
      "dev": true
    },
    "expand-range": {
      "version": "1.8.2",
      "resolved": "https://schoology.jfrog.io/schoology/api/npm/npm/expand-range/-/expand-range-1.8.2.tgz",
      "integrity": "sha1-opnv/TNf4nIeuujiV+x5ZE/IUzc=",
      "requires": {
        "fill-range": "^2.1.0"
      }
    },
    "fast-levenshtein": {
      "version": "2.0.6",
      "resolved": "https://schoology.jfrog.io/schoology/api/npm/npm/fast-levenshtein/-/fast-levenshtein-2.0.6.tgz",
      "integrity": "sha1-PYpcZog6FqMMqGQ+hR8Zuqd5eRc="
    },
    "fill-range": {
      "version": "2.2.4",
      "resolved": "https://schoology.jfrog.io/schoology/api/npm/npm/fill-range/-/fill-range-2.2.4.tgz",
      "integrity": "sha1-6x53OrsFbc2N8r/favWbizqTZWU=",
      "requires": {
        "is-number": "^2.1.0",
        "isobject": "^2.0.0",
        "randomatic": "^3.0.0",
        "repeat-element": "^1.1.2",
        "repeat-string": "^1.5.2"
      }
    },
    "for-in": {
      "version": "1.0.2",
      "resolved": "https://schoology.jfrog.io/schoology/api/npm/npm/for-in/-/for-in-1.0.2.tgz",
      "integrity": "sha1-gQaNKVqBQuwKxybG4iAMMPttXoA="
    },
    "for-own": {
      "version": "0.1.5",
      "resolved": "https://schoology.jfrog.io/schoology/api/npm/npm/for-own/-/for-own-0.1.5.tgz",
      "integrity": "sha1-UmXGgaTylNq78XyVCbZ2OqhFEM4=",
      "requires": {
        "for-in": "^1.0.1"
      }
    },
    "fs.realpath": {
      "version": "1.0.0",
      "resolved": "https://schoology.jfrog.io/schoology/api/npm/npm/fs.realpath/-/fs.realpath-1.0.0.tgz",
      "integrity": "sha1-FQStJSMVjKpA20onh8sBQRmU6k8=",
      "dev": true
    },
    "get-amd-module-type": {
      "version": "2.0.5",
      "resolved": "https://schoology.jfrog.io/schoology/api/npm/npm/get-amd-module-type/-/get-amd-module-type-2.0.5.tgz",
      "integrity": "sha1-5nHsWpatX79To6IqKJ6SOMdy3bA=",
      "requires": {
        "ast-module-types": "^2.3.2",
        "node-source-walk": "^3.2.0"
      }
    },
    "glob": {
      "version": "7.1.2",
      "resolved": "https://schoology.jfrog.io/schoology/api/npm/npm/glob/-/glob-7.1.2.tgz",
      "integrity": "sha1-wZyd+aAocC1nhhI4SmVSQExjbRU=",
      "dev": true,
      "requires": {
        "fs.realpath": "^1.0.0",
        "inflight": "^1.0.4",
        "inherits": "2",
        "minimatch": "^3.0.4",
        "once": "^1.3.0",
        "path-is-absolute": "^1.0.0"
      }
    },
    "glob-base": {
      "version": "0.3.0",
      "resolved": "https://schoology.jfrog.io/schoology/api/npm/npm/glob-base/-/glob-base-0.3.0.tgz",
      "integrity": "sha1-27Fk9iIbHAscz4Kuoyi0l98Oo8Q=",
      "requires": {
        "glob-parent": "^2.0.0",
        "is-glob": "^2.0.0"
      }
    },
    "glob-parent": {
      "version": "2.0.0",
      "resolved": "https://schoology.jfrog.io/schoology/api/npm/npm/glob-parent/-/glob-parent-2.0.0.tgz",
      "integrity": "sha1-gTg9ctsFT8zPUzbaqQLxgvbtuyg=",
      "requires": {
        "is-glob": "^2.0.0"
      }
    },
    "gonzales-pe": {
      "version": "3.4.7",
      "resolved": "https://schoology.jfrog.io/schoology/api/npm/npm/gonzales-pe/-/gonzales-pe-3.4.7.tgz",
      "integrity": "sha1-F8e+Z61sr/Ynej44esc26YPSgOw=",
      "requires": {
        "minimist": "1.1.x"
      }
    },
    "graceful-fs": {
      "version": "4.1.11",
      "resolved": "https://schoology.jfrog.io/schoology/api/npm/npm/graceful-fs/-/graceful-fs-4.1.11.tgz",
      "integrity": "sha1-Dovf5NHduIVNZOBOp8AOKgJuVlg=",
      "dev": true
    },
    "has-flag": {
      "version": "3.0.0",
      "resolved": "https://schoology.jfrog.io/schoology/api/npm/npm/has-flag/-/has-flag-3.0.0.tgz",
      "integrity": "sha1-tdRU3CGZriJWmfNGfloH87lVuv0=",
      "dev": true
    },
    "ieee754": {
      "version": "1.1.8",
      "resolved": "https://schoology.jfrog.io/schoology/api/npm/npm/ieee754/-/ieee754-1.1.8.tgz",
      "integrity": "sha1-vjPUCsEO8ZJnAfbwii2G+/0a0+Q=",
      "dev": true
    },
    "immediate": {
      "version": "3.0.6",
      "resolved": "https://schoology.jfrog.io/schoology/api/npm/npm/immediate/-/immediate-3.0.6.tgz",
      "integrity": "sha1-nbHb0Pr43m++D13V5Wu2BigN5ps=",
      "dev": true
    },
    "inflight": {
      "version": "1.0.6",
      "resolved": "https://schoology.jfrog.io/schoology/api/npm/npm/inflight/-/inflight-1.0.6.tgz",
      "integrity": "sha1-Sb1jMdfQLQwJvJEKEHW6gWW1bfk=",
      "dev": true,
      "requires": {
        "once": "^1.3.0",
        "wrappy": "1"
      }
    },
    "inherits": {
      "version": "2.0.3",
      "resolved": "https://schoology.jfrog.io/schoology/api/npm/npm/inherits/-/inherits-2.0.3.tgz",
      "integrity": "sha1-Yzwsg+PaQqUC9SRmAiSA9CCCYd4=",
      "dev": true
    },
    "is-buffer": {
      "version": "1.1.6",
      "resolved": "https://schoology.jfrog.io/schoology/api/npm/npm/is-buffer/-/is-buffer-1.1.6.tgz",
      "integrity": "sha1-76ouqdqg16suoTqXsritUf776L4="
    },
    "is-dotfile": {
      "version": "1.0.3",
      "resolved": "https://schoology.jfrog.io/schoology/api/npm/npm/is-dotfile/-/is-dotfile-1.0.3.tgz",
      "integrity": "sha1-pqLzL/0t+wT1yiXs0Pa4PPeYoeE="
    },
    "is-equal-shallow": {
      "version": "0.1.3",
      "resolved": "https://schoology.jfrog.io/schoology/api/npm/npm/is-equal-shallow/-/is-equal-shallow-0.1.3.tgz",
      "integrity": "sha1-IjgJj8Ih3gvPpdnqxMRdY4qhxTQ=",
      "requires": {
        "is-primitive": "^2.0.0"
      }
    },
    "is-extendable": {
      "version": "0.1.1",
      "resolved": "https://schoology.jfrog.io/schoology/api/npm/npm/is-extendable/-/is-extendable-0.1.1.tgz",
      "integrity": "sha1-YrEQ4omkcUGOPsNqYX1HLjAd/Ik="
    },
    "is-extglob": {
      "version": "1.0.0",
      "resolved": "https://schoology.jfrog.io/schoology/api/npm/npm/is-extglob/-/is-extglob-1.0.0.tgz",
      "integrity": "sha1-rEaBd8SUNAWgkvyPKXYMb/xiBsA="
    },
    "is-glob": {
      "version": "2.0.1",
      "resolved": "https://schoology.jfrog.io/schoology/api/npm/npm/is-glob/-/is-glob-2.0.1.tgz",
      "integrity": "sha1-0Jb5JqPe1WAPP9/ZEZjLCIjC2GM=",
      "requires": {
        "is-extglob": "^1.0.0"
      }
    },
    "is-number": {
      "version": "2.1.0",
      "resolved": "https://schoology.jfrog.io/schoology/api/npm/npm/is-number/-/is-number-2.1.0.tgz",
      "integrity": "sha1-Afy7s5NGOlSPL0ZszhbezknbkI8=",
      "requires": {
        "kind-of": "^3.0.2"
      }
    },
    "is-posix-bracket": {
      "version": "0.1.1",
      "resolved": "https://schoology.jfrog.io/schoology/api/npm/npm/is-posix-bracket/-/is-posix-bracket-0.1.1.tgz",
      "integrity": "sha1-MzTceXdDaOkvAW5vvAqI9c1ua8Q="
    },
    "is-primitive": {
      "version": "2.0.0",
      "resolved": "https://schoology.jfrog.io/schoology/api/npm/npm/is-primitive/-/is-primitive-2.0.0.tgz",
      "integrity": "sha1-IHurkWOEmcB7Kt8kCkGochADRXU="
    },
    "isarray": {
      "version": "1.0.0",
      "resolved": "https://schoology.jfrog.io/schoology/api/npm/npm/isarray/-/isarray-1.0.0.tgz",
      "integrity": "sha1-u5NdSFgsuhaMBoNJV6VKPgcSTxE="
    },
    "isobject": {
      "version": "2.1.0",
      "resolved": "https://schoology.jfrog.io/schoology/api/npm/npm/isobject/-/isobject-2.1.0.tgz",
      "integrity": "sha1-8GVWEJaj8dou9GJy+BXIQNh+DIk=",
      "requires": {
        "isarray": "1.0.0"
      }
    },
    "jmespath": {
      "version": "0.15.0",
      "resolved": "https://schoology.jfrog.io/schoology/api/npm/npm/jmespath/-/jmespath-0.15.0.tgz",
      "integrity": "sha1-o/Iiqarp+Wb10nx5ZRDigJF2Qhc=",
      "dev": true
    },
    "jsonfile": {
      "version": "4.0.0",
      "resolved": "https://schoology.jfrog.io/schoology/api/npm/npm/jsonfile/-/jsonfile-4.0.0.tgz",
      "integrity": "sha1-h3Gq4HmbZAdrdmQPygWPnBDjPss=",
      "dev": true,
      "requires": {
        "graceful-fs": "^4.1.6"
      }
    },
    "kind-of": {
      "version": "3.2.2",
      "resolved": "https://schoology.jfrog.io/schoology/api/npm/npm/kind-of/-/kind-of-3.2.2.tgz",
      "integrity": "sha1-MeohpzS6ubuw8yRm2JOupR5KPGQ=",
      "requires": {
        "is-buffer": "^1.1.5"
      }
    },
    "levn": {
      "version": "0.3.0",
      "resolved": "https://schoology.jfrog.io/schoology/api/npm/npm/levn/-/levn-0.3.0.tgz",
      "integrity": "sha1-OwmSTt+fCDwEkP3UwLxEIeBHZO4=",
      "requires": {
        "prelude-ls": "~1.1.2",
        "type-check": "~0.3.2"
      }
    },
    "lie": {
      "version": "3.1.1",
      "resolved": "https://schoology.jfrog.io/schoology/api/npm/npm/lie/-/lie-3.1.1.tgz",
      "integrity": "sha1-mkNrLMd0bKWd56QfpGmz77dr2H4=",
      "dev": true,
      "requires": {
        "immediate": "~3.0.5"
      }
    },
    "math-random": {
      "version": "1.0.1",
      "resolved": "https://schoology.jfrog.io/schoology/api/npm/npm/math-random/-/math-random-1.0.1.tgz",
      "integrity": "sha1-izqsWIuKZuSXXjzepn97sylgH6w="
    },
    "minimatch": {
      "version": "3.0.4",
      "resolved": "https://schoology.jfrog.io/schoology/api/npm/npm/minimatch/-/minimatch-3.0.4.tgz",
      "integrity": "sha1-UWbihkV/AzBgZL5Ul+jbsMPTIIM=",
      "dev": true,
      "requires": {
        "brace-expansion": "^1.1.7"
      }
    },
    "minimist": {
      "version": "1.1.3",
      "resolved": "https://schoology.jfrog.io/schoology/api/npm/npm/minimist/-/minimist-1.1.3.tgz",
      "integrity": "sha1-O+39kaktOQFvz6ocaB6Pqhoe/ag="
    },
    "module-definition": {
      "version": "2.2.4",
      "resolved": "https://schoology.jfrog.io/schoology/api/npm/npm/module-definition/-/module-definition-2.2.4.tgz",
      "integrity": "sha1-wKN3HeWM9rzxKu0kdnBsWWrUsss=",
      "requires": {
        "ast-module-types": "^2.3.2",
        "node-source-walk": "^3.0.0"
      }
    },
    "ms": {
      "version": "2.0.0",
      "resolved": "https://schoology.jfrog.io/schoology/api/npm/npm/ms/-/ms-2.0.0.tgz",
      "integrity": "sha1-VgiurfwAvmwpAd9fmGF4jeDVl8g="
    },
    "node-source-walk": {
      "version": "3.3.0",
      "resolved": "https://schoology.jfrog.io/schoology/api/npm/npm/node-source-walk/-/node-source-walk-3.3.0.tgz",
      "integrity": "sha1-rRjjW/2z0Lb34OSv8eePhGo7iHM=",
      "requires": {
        "babylon": "^6.17.0"
      }
    },
    "once": {
      "version": "1.4.0",
      "resolved": "https://schoology.jfrog.io/schoology/api/npm/npm/once/-/once-1.4.0.tgz",
      "integrity": "sha1-WDsap3WWHUsROsF9nFC6753Xa9E=",
      "dev": true,
      "requires": {
        "wrappy": "1"
      }
    },
    "optionator": {
      "version": "0.8.2",
      "resolved": "https://schoology.jfrog.io/schoology/api/npm/npm/optionator/-/optionator-0.8.2.tgz",
      "integrity": "sha1-NkxeQJ0/TWMB1sC0wFu6UBgK62Q=",
      "requires": {
        "deep-is": "~0.1.3",
        "fast-levenshtein": "~2.0.4",
        "levn": "~0.3.0",
        "prelude-ls": "~1.1.2",
        "type-check": "~0.3.2",
        "wordwrap": "~1.0.0"
      }
    },
    "pako": {
      "version": "1.0.6",
      "resolved": "https://schoology.jfrog.io/schoology/api/npm/npm/pako/-/pako-1.0.6.tgz",
      "integrity": "sha1-AQEhG6pwxLykoPY/Igbpe3368lg=",
      "dev": true
    },
    "path-is-absolute": {
      "version": "1.0.1",
      "resolved": "https://schoology.jfrog.io/schoology/api/npm/npm/path-is-absolute/-/path-is-absolute-1.0.1.tgz",
      "integrity": "sha1-F0uSaHNVNP+8es5r9TpanhtcX18=",
      "dev": true
    },
    "path-parse": {
      "version": "1.0.5",
      "resolved": "https://schoology.jfrog.io/schoology/api/npm/npm/path-parse/-/path-parse-1.0.5.tgz",
      "integrity": "sha1-PBrfhx6pzWyUMbbqK9dKD/BVxME="
    },
    "prelude-ls": {
      "version": "1.1.2",
      "resolved": "https://schoology.jfrog.io/schoology/api/npm/npm/prelude-ls/-/prelude-ls-1.1.2.tgz",
      "integrity": "sha1-IZMqVJ9eUv/ZqCf1cOBL5iqX2lQ="
    },
    "preserve": {
      "version": "0.2.0",
      "resolved": "https://schoology.jfrog.io/schoology/api/npm/npm/preserve/-/preserve-0.2.0.tgz",
      "integrity": "sha1-gV7R9uvGWSb4ZbMQwHE7yzMVzks="
    },
    "process-nextick-args": {
      "version": "1.0.7",
      "resolved": "https://schoology.jfrog.io/schoology/api/npm/npm/process-nextick-args/-/process-nextick-args-1.0.7.tgz",
      "integrity": "sha1-FQ4gt1ZZCtP5EJPyWk8q2L/zC6M=",
      "dev": true
    },
    "punycode": {
      "version": "1.3.2",
      "resolved": "https://schoology.jfrog.io/schoology/api/npm/npm/punycode/-/punycode-1.3.2.tgz",
      "integrity": "sha1-llOgNvt8HuQjQvIyXM7v6jkmxI0=",
      "dev": true
    },
    "querystring": {
      "version": "0.2.0",
      "resolved": "https://schoology.jfrog.io/schoology/api/npm/npm/querystring/-/querystring-0.2.0.tgz",
      "integrity": "sha1-sgmEkgO7Jd+CDadW50cAWHhSFiA=",
      "dev": true
    },
    "randomatic": {
      "version": "3.0.0",
      "resolved": "https://schoology.jfrog.io/schoology/api/npm/npm/randomatic/-/randomatic-3.0.0.tgz",
      "integrity": "sha1-01SQAw6091eN4pLObfsEqRoSiSM=",
      "requires": {
        "is-number": "^4.0.0",
        "kind-of": "^6.0.0",
        "math-random": "^1.0.1"
      },
      "dependencies": {
        "is-number": {
          "version": "4.0.0",
          "resolved": "https://schoology.jfrog.io/schoology/api/npm/npm/is-number/-/is-number-4.0.0.tgz",
          "integrity": "sha1-ACbjf1RU1z41bf5lZGmYZ8an8P8="
        },
        "kind-of": {
          "version": "6.0.2",
          "resolved": "https://schoology.jfrog.io/schoology/api/npm/npm/kind-of/-/kind-of-6.0.2.tgz",
          "integrity": "sha1-ARRrNqYhjmTljzqNZt5df8b20FE="
        }
      }
    },
    "readable-stream": {
      "version": "2.0.6",
      "resolved": "https://schoology.jfrog.io/schoology/api/npm/npm/readable-stream/-/readable-stream-2.0.6.tgz",
      "integrity": "sha1-j5A0HmilPMySh4jaz80Rs265t44=",
      "dev": true,
      "requires": {
        "core-util-is": "~1.0.0",
        "inherits": "~2.0.1",
        "isarray": "~1.0.0",
        "process-nextick-args": "~1.0.6",
        "string_decoder": "~0.10.x",
        "util-deprecate": "~1.0.1"
      }
    },
    "remove-trailing-separator": {
      "version": "1.1.0",
      "resolved": "https://schoology.jfrog.io/schoology/api/npm/npm/remove-trailing-separator/-/remove-trailing-separator-1.1.0.tgz",
      "integrity": "sha1-wkvOKig62tW8P1jg1IJJuSN52O8="
    },
    "repeat-element": {
      "version": "1.1.2",
      "resolved": "https://schoology.jfrog.io/schoology/api/npm/npm/repeat-element/-/repeat-element-1.1.2.tgz",
      "integrity": "sha1-7wiaF40Ug7quTZPrmLT55OEdmQo="
    },
    "repeat-string": {
      "version": "1.6.1",
      "resolved": "https://schoology.jfrog.io/schoology/api/npm/npm/repeat-string/-/repeat-string-1.6.1.tgz",
      "integrity": "sha1-jcrkcOHIirwtYA//Sndihtp15jc="
    },
    "sax": {
      "version": "1.2.1",
      "resolved": "https://schoology.jfrog.io/schoology/api/npm/npm/sax/-/sax-1.2.1.tgz",
      "integrity": "sha1-e45lYZCyKOgaZq6nSEgNgozS03o=",
      "dev": true
    },
    "serverless-domain-manager": {
      "version": "2.6.0",
      "resolved": "https://schoology.jfrog.io/schoology/api/npm/npm/serverless-domain-manager/-/serverless-domain-manager-2.6.0.tgz",
      "integrity": "sha1-lHmLt/bembGJqHoLfm4/k0eB+H4=",
      "dev": true,
      "requires": {
        "aws-sdk": "^2.177.0",
        "chalk": "^2.0.1"
      }
    },
    "serverless-plugin-include-dependencies": {
      "version": "3.1.0",
      "resolved": "https://schoology.jfrog.io/schoology/api/npm/npm/serverless-plugin-include-dependencies/-/serverless-plugin-include-dependencies-3.1.0.tgz",
      "integrity": "sha1-X+8RuANyOeh3Oxc96styPJnpFFQ=",
      "requires": {
        "glob": "7.1.1",
        "micromatch": "2.3.11",
        "precinct": "3.6.0",
        "require-package-name": "2.0.1",
        "resolve": "1.3.2",
        "resolve-pkg": "1.0.0",
        "semver": "5.3.0"
      },
      "dependencies": {
        "glob": {
          "version": "7.1.1",
          "resolved": "https://schoology.jfrog.io/schoology/api/npm/npm/glob/-/glob-7.1.1.tgz",
          "integrity": "sha1-gFIR3wT6rxxjo2ADBs31reULLsg=",
          "requires": {
            "fs.realpath": "^1.0.0",
            "inflight": "^1.0.4",
            "inherits": "2",
            "minimatch": "^3.0.2",
            "once": "^1.3.0",
            "path-is-absolute": "^1.0.0"
          },
          "dependencies": {
            "fs.realpath": {
              "version": "1.0.0",
              "resolved": "https://schoology.jfrog.io/schoology/api/npm/npm/fs.realpath/-/fs.realpath-1.0.0.tgz",
              "integrity": "sha1-FQStJSMVjKpA20onh8sBQRmU6k8="
            },
            "inflight": {
              "version": "1.0.6",
              "resolved": "https://schoology.jfrog.io/schoology/api/npm/npm/inflight/-/inflight-1.0.6.tgz",
              "integrity": "sha1-Sb1jMdfQLQwJvJEKEHW6gWW1bfk=",
              "requires": {
                "once": "^1.3.0",
                "wrappy": "1"
              }
            },
            "inherits": {
              "version": "2.0.3",
              "resolved": "https://schoology.jfrog.io/schoology/api/npm/npm/inherits/-/inherits-2.0.3.tgz",
              "integrity": "sha1-Yzwsg+PaQqUC9SRmAiSA9CCCYd4="
            },
            "minimatch": {
              "version": "3.0.4",
              "resolved": "https://schoology.jfrog.io/schoology/api/npm/npm/minimatch/-/minimatch-3.0.4.tgz",
              "integrity": "sha1-UWbihkV/AzBgZL5Ul+jbsMPTIIM=",
              "requires": {
                "brace-expansion": "^1.1.7"
              }
            },
            "once": {
              "version": "1.4.0",
              "resolved": "https://schoology.jfrog.io/schoology/api/npm/npm/once/-/once-1.4.0.tgz",
              "integrity": "sha1-WDsap3WWHUsROsF9nFC6753Xa9E=",
              "requires": {
                "wrappy": "1"
              }
            },
            "path-is-absolute": {
              "version": "1.0.1",
              "resolved": "https://schoology.jfrog.io/schoology/api/npm/npm/path-is-absolute/-/path-is-absolute-1.0.1.tgz",
              "integrity": "sha1-F0uSaHNVNP+8es5r9TpanhtcX18="
            }
          }
        },
        "micromatch": {
          "version": "2.3.11",
          "resolved": "https://schoology.jfrog.io/schoology/api/npm/npm/micromatch/-/micromatch-2.3.11.tgz",
          "integrity": "sha1-hmd8l9FyCzY0MdBNDRUpO9OMFWU=",
          "requires": {
            "arr-diff": "^2.0.0",
            "array-unique": "^0.2.1",
            "braces": "^1.8.2",
            "expand-brackets": "^0.1.4",
            "extglob": "^0.3.1",
            "filename-regex": "^2.0.0",
            "is-extglob": "^1.0.0",
            "is-glob": "^2.0.1",
            "kind-of": "^3.0.2",
            "normalize-path": "^2.0.1",
            "object.omit": "^2.0.0",
            "parse-glob": "^3.0.4",
            "regex-cache": "^0.4.2"
          },
          "dependencies": {
            "arr-diff": {
              "version": "2.0.0",
              "resolved": "https://schoology.jfrog.io/schoology/api/npm/npm/arr-diff/-/arr-diff-2.0.0.tgz",
              "integrity": "sha1-jzuCf5Vai9ZpaX5KQlasPOrjVs8=",
              "requires": {
                "arr-flatten": "^1.0.1"
              }
            },
            "array-unique": {
              "version": "0.2.1",
              "resolved": "https://schoology.jfrog.io/schoology/api/npm/npm/array-unique/-/array-unique-0.2.1.tgz",
              "integrity": "sha1-odl8yvy8JiXMcPrc6zalDFiwGlM="
            },
            "braces": {
              "version": "1.8.5",
              "resolved": "https://schoology.jfrog.io/schoology/api/npm/npm/braces/-/braces-1.8.5.tgz",
              "integrity": "sha1-uneWLhLf+WnWt2cR6RS3N4V79qc=",
              "requires": {
                "expand-range": "^1.8.1",
                "preserve": "^0.2.0",
                "repeat-element": "^1.1.2"
              }
            },
            "expand-brackets": {
              "version": "0.1.5",
              "resolved": "https://schoology.jfrog.io/schoology/api/npm/npm/expand-brackets/-/expand-brackets-0.1.5.tgz",
              "integrity": "sha1-3wcoTjQqgHzXM6xa9yQR5YHRF3s=",
              "requires": {
                "is-posix-bracket": "^0.1.0"
              }
            },
            "extglob": {
              "version": "0.3.2",
              "resolved": "https://schoology.jfrog.io/schoology/api/npm/npm/extglob/-/extglob-0.3.2.tgz",
              "integrity": "sha1-Lhj/PS9JqydlzskCPwEdqo2DSaE=",
              "requires": {
                "is-extglob": "^1.0.0"
              }
            },
            "filename-regex": {
              "version": "2.0.1",
              "resolved": "https://schoology.jfrog.io/schoology/api/npm/npm/filename-regex/-/filename-regex-2.0.1.tgz",
              "integrity": "sha1-wcS5vuPglyXdsQa3XB4wH+LxiyY="
            },
            "is-extglob": {
              "version": "1.0.0",
              "resolved": "https://schoology.jfrog.io/schoology/api/npm/npm/is-extglob/-/is-extglob-1.0.0.tgz",
              "integrity": "sha1-rEaBd8SUNAWgkvyPKXYMb/xiBsA="
            },
            "is-glob": {
              "version": "2.0.1",
              "resolved": "https://schoology.jfrog.io/schoology/api/npm/npm/is-glob/-/is-glob-2.0.1.tgz",
              "integrity": "sha1-0Jb5JqPe1WAPP9/ZEZjLCIjC2GM=",
              "requires": {
                "is-extglob": "^1.0.0"
              }
            },
            "kind-of": {
              "version": "3.2.2",
              "resolved": "https://schoology.jfrog.io/schoology/api/npm/npm/kind-of/-/kind-of-3.2.2.tgz",
              "integrity": "sha1-MeohpzS6ubuw8yRm2JOupR5KPGQ=",
              "requires": {
                "is-buffer": "^1.1.5"
              }
            },
            "normalize-path": {
              "version": "2.1.1",
              "resolved": "https://schoology.jfrog.io/schoology/api/npm/npm/normalize-path/-/normalize-path-2.1.1.tgz",
              "integrity": "sha1-GrKLVW4Zg2Oowab35vogE3/mrtk=",
              "requires": {
                "remove-trailing-separator": "^1.0.1"
              }
            },
            "object.omit": {
              "version": "2.0.1",
              "resolved": "https://schoology.jfrog.io/schoology/api/npm/npm/object.omit/-/object.omit-2.0.1.tgz",
              "integrity": "sha1-Gpx0SCnznbuFjHbKNXmuKlTr0fo=",
              "requires": {
                "for-own": "^0.1.4",
                "is-extendable": "^0.1.1"
              }
            },
            "parse-glob": {
              "version": "3.0.4",
              "resolved": "https://schoology.jfrog.io/schoology/api/npm/npm/parse-glob/-/parse-glob-3.0.4.tgz",
              "integrity": "sha1-ssN2z7EfNVE7rdFz7wu246OIORw=",
              "requires": {
                "glob-base": "^0.3.0",
                "is-dotfile": "^1.0.0",
                "is-extglob": "^1.0.0",
                "is-glob": "^2.0.0"
              }
            },
            "regex-cache": {
              "version": "0.4.4",
              "resolved": "https://schoology.jfrog.io/schoology/api/npm/npm/regex-cache/-/regex-cache-0.4.4.tgz",
              "integrity": "sha1-db3FiioUls7EihKDW8VMjVYjNt0=",
              "requires": {
                "is-equal-shallow": "^0.1.3"
              }
            }
          }
        },
        "precinct": {
          "version": "3.6.0",
          "resolved": "https://schoology.jfrog.io/schoology/api/npm/npm/precinct/-/precinct-3.6.0.tgz",
          "integrity": "sha1-fY+Ffmc3UzMy9CnndgwOKKsQY/Y=",
          "requires": {
            "commander": "^2.9.0",
            "debug": "^2.2.0",
            "detective-amd": "^2.4.0",
            "detective-cjs": "^2.0.0",
            "detective-es6": "^1.1.6",
            "detective-less": "1.0.0",
            "detective-sass": "^2.0.0",
            "detective-scss": "^1.0.0",
            "detective-stylus": "^1.0.0",
            "module-definition": "^2.2.4",
            "node-source-walk": "^3.2.0"
          }
        },
        "require-package-name": {
          "version": "2.0.1",
          "resolved": "https://schoology.jfrog.io/schoology/api/npm/npm/require-package-name/-/require-package-name-2.0.1.tgz",
          "integrity": "sha1-wR6XJ2tluOKSP3Xav1+y7ww4Qbk="
        },
        "resolve": {
          "version": "1.3.2",
          "resolved": "https://schoology.jfrog.io/schoology/api/npm/npm/resolve/-/resolve-1.3.2.tgz",
          "integrity": "sha1-HwRCyeDLuBNuh7kwX5MvRsfygjU=",
          "requires": {
            "path-parse": "^1.0.5"
          }
        },
        "resolve-pkg": {
          "version": "1.0.0",
          "resolved": "https://schoology.jfrog.io/schoology/api/npm/npm/resolve-pkg/-/resolve-pkg-1.0.0.tgz",
          "integrity": "sha1-4ZoV54rKLhJEYdySsuOUPvk0lNk=",
          "requires": {
            "resolve-from": "^2.0.0"
          },
          "dependencies": {
            "resolve-from": {
              "version": "2.0.0",
              "resolved": "https://schoology.jfrog.io/schoology/api/npm/npm/resolve-from/-/resolve-from-2.0.0.tgz",
              "integrity": "sha1-lICrIOlP+h2egKgEx+oUdhGWa1c="
            }
          }
        },
        "semver": {
          "version": "5.3.0",
          "resolved": "https://schoology.jfrog.io/schoology/api/npm/npm/semver/-/semver-5.3.0.tgz",
          "integrity": "sha1-myzl094C0XxgEq0yaqa00M9U+U8="
        }
      }
    },
    "serverless-pseudo-parameters": {
      "version": "2.1.0",
      "resolved": "https://schoology.jfrog.io/schoology/api/npm/npm/serverless-pseudo-parameters/-/serverless-pseudo-parameters-2.1.0.tgz",
      "integrity": "sha1-grJHjE3lxxj2i45buViV4UATvOQ=",
      "dev": true
    },
    "serverless-python-requirements": {
      "version": "4.1.1",
      "resolved": "https://schoology.jfrog.io/schoology/api/npm/npm/serverless-python-requirements/-/serverless-python-requirements-4.1.1.tgz",
      "integrity": "sha1-PyzMFGZ9tBPaAwQLZ1H921Rczcc=",
      "dev": true,
      "requires": {
        "bluebird": "^3.0.6",
        "fs-extra": "^7.0.0",
        "glob-all": "^3.1.0",
        "is-wsl": "^1.1.0",
        "jszip": "^3.1.0",
        "lodash.get": "^4.4.2",
        "lodash.set": "^4.3.2",
        "lodash.uniqby": "^4.0.0",
        "lodash.values": "^4.3.0",
        "rimraf": "^2.6.2"
      },
      "dependencies": {
        "bluebird": {
          "version": "3.5.1",
          "resolved": "https://schoology.jfrog.io/schoology/api/npm/npm/bluebird/-/bluebird-3.5.1.tgz",
          "integrity": "sha1-2VUfnemPH82h5oPRfukaBgLuLrk=",
          "dev": true
        },
        "fs-extra": {
          "version": "7.0.0",
          "resolved": "https://schoology.jfrog.io/schoology/api/npm/npm/fs-extra/-/fs-extra-7.0.0.tgz",
          "integrity": "sha1-jMP0fOB+97NZOhG5+yRffjTAQdY=",
          "dev": true,
          "requires": {
            "graceful-fs": "^4.1.2",
            "jsonfile": "^4.0.0",
            "universalify": "^0.1.0"
          }
        },
        "glob-all": {
          "version": "3.1.0",
          "resolved": "https://schoology.jfrog.io/schoology/api/npm/npm/glob-all/-/glob-all-3.1.0.tgz",
          "integrity": "sha1-iRPd+17hrHgSZWJBsD1SF8ZLAqs=",
          "dev": true,
          "requires": {
            "glob": "^7.0.5",
            "yargs": "~1.2.6"
          }
        },
        "is-wsl": {
          "version": "1.1.0",
          "resolved": "https://schoology.jfrog.io/schoology/api/npm/npm/is-wsl/-/is-wsl-1.1.0.tgz",
          "integrity": "sha1-HxbkqiKwTRM2tmGIpmrzxgDDpm0=",
          "dev": true
        },
        "jszip": {
          "version": "3.1.5",
          "resolved": "https://schoology.jfrog.io/schoology/api/npm/npm/jszip/-/jszip-3.1.5.tgz",
          "integrity": "sha1-48KmxtcGrG5gMxQDbUPNQL7v3zc=",
          "dev": true,
          "requires": {
            "core-js": "~2.3.0",
            "es6-promise": "~3.0.2",
            "lie": "~3.1.0",
            "pako": "~1.0.2",
            "readable-stream": "~2.0.6"
          }
        },
        "lodash.get": {
          "version": "4.4.2",
          "resolved": "https://schoology.jfrog.io/schoology/api/npm/npm/lodash.get/-/lodash.get-4.4.2.tgz",
          "integrity": "sha1-LRd/ZS+jHpObRDjVNBSZ36OCXpk=",
          "dev": true
        },
        "lodash.set": {
          "version": "4.3.2",
          "resolved": "https://schoology.jfrog.io/schoology/api/npm/npm/lodash.set/-/lodash.set-4.3.2.tgz",
          "integrity": "sha1-2HV7HagH3eJIFrDWqEvqGnYjCyM=",
          "dev": true
        },
        "lodash.uniqby": {
          "version": "4.7.0",
          "resolved": "https://schoology.jfrog.io/schoology/api/npm/npm/lodash.uniqby/-/lodash.uniqby-4.7.0.tgz",
          "integrity": "sha1-2ZwHpmnp5tJOE2Lf4mbGdhavEwI=",
          "dev": true
        },
        "lodash.values": {
          "version": "4.3.0",
          "resolved": "https://schoology.jfrog.io/schoology/api/npm/npm/lodash.values/-/lodash.values-4.3.0.tgz",
          "integrity": "sha1-o6bCsOvsxcLLocF+bmIP6BtT00c=",
          "dev": true
        },
        "rimraf": {
          "version": "2.6.2",
          "resolved": "https://schoology.jfrog.io/schoology/api/npm/npm/rimraf/-/rimraf-2.6.2.tgz",
          "integrity": "sha1-LtgVDSShbqhlHm1u8PR8QVjOejY=",
          "dev": true,
          "requires": {
            "glob": "^7.0.5"
          },
          "dependencies": {
            "glob": {
              "version": "7.1.2",
              "resolved": "https://schoology.jfrog.io/schoology/api/npm/npm/glob/-/glob-7.1.2.tgz",
              "integrity": "sha1-wZyd+aAocC1nhhI4SmVSQExjbRU=",
              "dev": true,
              "requires": {
                "fs.realpath": "^1.0.0",
                "inflight": "^1.0.4",
                "inherits": "2",
                "minimatch": "^3.0.4",
                "once": "^1.3.0",
                "path-is-absolute": "^1.0.0"
              },
              "dependencies": {
                "fs.realpath": {
                  "version": "1.0.0",
                  "resolved": "https://schoology.jfrog.io/schoology/api/npm/npm/fs.realpath/-/fs.realpath-1.0.0.tgz",
                  "integrity": "sha1-FQStJSMVjKpA20onh8sBQRmU6k8=",
                  "dev": true
                },
                "inflight": {
                  "version": "1.0.6",
                  "resolved": "https://schoology.jfrog.io/schoology/api/npm/npm/inflight/-/inflight-1.0.6.tgz",
                  "integrity": "sha1-Sb1jMdfQLQwJvJEKEHW6gWW1bfk=",
                  "dev": true,
                  "requires": {
                    "once": "^1.3.0",
                    "wrappy": "1"
                  }
                },
                "inherits": {
                  "version": "2.0.3",
                  "resolved": "https://schoology.jfrog.io/schoology/api/npm/npm/inherits/-/inherits-2.0.3.tgz",
                  "integrity": "sha1-Yzwsg+PaQqUC9SRmAiSA9CCCYd4=",
                  "dev": true
                },
                "minimatch": {
                  "version": "3.0.4",
                  "resolved": "https://schoology.jfrog.io/schoology/api/npm/npm/minimatch/-/minimatch-3.0.4.tgz",
                  "integrity": "sha1-UWbihkV/AzBgZL5Ul+jbsMPTIIM=",
                  "dev": true,
                  "requires": {
                    "brace-expansion": "^1.1.7"
                  }
                },
                "once": {
                  "version": "1.4.0",
                  "resolved": "https://schoology.jfrog.io/schoology/api/npm/npm/once/-/once-1.4.0.tgz",
                  "integrity": "sha1-WDsap3WWHUsROsF9nFC6753Xa9E=",
                  "dev": true,
                  "requires": {
                    "wrappy": "1"
                  }
                },
                "path-is-absolute": {
                  "version": "1.0.1",
                  "resolved": "https://schoology.jfrog.io/schoology/api/npm/npm/path-is-absolute/-/path-is-absolute-1.0.1.tgz",
                  "integrity": "sha1-F0uSaHNVNP+8es5r9TpanhtcX18=",
                  "dev": true
                }
              }
            }
          }
        }
      }
    },
    "source-map": {
      "version": "0.6.1",
      "resolved": "https://schoology.jfrog.io/schoology/api/npm/npm/source-map/-/source-map-0.6.1.tgz",
      "integrity": "sha1-dHIq8y6WFOnCh6jQu95IteLxomM=",
      "optional": true
    },
    "string_decoder": {
      "version": "0.10.31",
      "resolved": "https://schoology.jfrog.io/schoology/api/npm/npm/string_decoder/-/string_decoder-0.10.31.tgz",
      "integrity": "sha1-YuIDvEF2bGwoyfyEMB2rHFMQ+pQ=",
      "dev": true
    },
    "supports-color": {
      "version": "5.4.0",
      "resolved": "https://schoology.jfrog.io/schoology/api/npm/npm/supports-color/-/supports-color-5.4.0.tgz",
      "integrity": "sha1-HGszdALCE3YF7+GfEP7DkPb6q1Q=",
      "dev": true,
      "requires": {
        "has-flag": "^3.0.0"
      }
    },
    "type-check": {
      "version": "0.3.2",
      "resolved": "https://schoology.jfrog.io/schoology/api/npm/npm/type-check/-/type-check-0.3.2.tgz",
      "integrity": "sha1-WITKtRLPHTVeP7eE8wgEsrUg23I=",
      "requires": {
        "prelude-ls": "~1.1.2"
      }
    },
    "universalify": {
      "version": "0.1.2",
      "resolved": "https://schoology.jfrog.io/schoology/api/npm/npm/universalify/-/universalify-0.1.2.tgz",
      "integrity": "sha1-tkb2m+OULavOzJ1mOcgNwQXvqmY=",
      "dev": true
    },
    "url": {
      "version": "0.10.3",
      "resolved": "https://schoology.jfrog.io/schoology/api/npm/npm/url/-/url-0.10.3.tgz",
      "integrity": "sha1-Ah5NnHcF8hu/N9A861h2dAJ3TGQ=",
      "dev": true,
      "requires": {
        "punycode": "1.3.2",
        "querystring": "0.2.0"
      }
    },
    "util-deprecate": {
      "version": "1.0.2",
      "resolved": "https://schoology.jfrog.io/schoology/api/npm/npm/util-deprecate/-/util-deprecate-1.0.2.tgz",
      "integrity": "sha1-RQ1Nyfpw3nMnYvvS1KKJgUGaDM8=",
      "dev": true
    },
    "uuid": {
      "version": "3.1.0",
      "resolved": "https://schoology.jfrog.io/schoology/api/npm/npm/uuid/-/uuid-3.1.0.tgz",
      "integrity": "sha1-PdPT55Crwk17DToDT/q6vijrvAQ=",
      "dev": true
    },
    "wordwrap": {
      "version": "1.0.0",
      "resolved": "https://schoology.jfrog.io/schoology/api/npm/npm/wordwrap/-/wordwrap-1.0.0.tgz",
      "integrity": "sha1-J1hIEIkUVqQXHI0CJkQa3pDLyus="
    },
    "wrappy": {
      "version": "1.0.2",
      "resolved": "https://schoology.jfrog.io/schoology/api/npm/npm/wrappy/-/wrappy-1.0.2.tgz",
      "integrity": "sha1-tSQ9jz7BqjXxNkYFvA0QNuMKtp8="
    },
    "xml2js": {
      "version": "0.4.19",
      "resolved": "https://schoology.jfrog.io/schoology/api/npm/npm/xml2js/-/xml2js-0.4.19.tgz",
      "integrity": "sha1-aGwg8hMgnpSr8NG88e+qKRx4J6c=",
      "dev": true,
      "requires": {
        "sax": ">=0.6.0",
        "xmlbuilder": "~9.0.1"
      }
    },
    "xmlbuilder": {
      "version": "9.0.7",
      "resolved": "https://schoology.jfrog.io/schoology/api/npm/npm/xmlbuilder/-/xmlbuilder-9.0.7.tgz",
      "integrity": "sha1-Ey7mPS7FVlxVfiD0wi35rKaGsQ0=",
      "dev": true
    },
    "yargs": {
      "version": "1.2.6",
      "resolved": "https://schoology.jfrog.io/schoology/api/npm/npm/yargs/-/yargs-1.2.6.tgz",
      "integrity": "sha1-nHtKgv1dWVsr8Xq23MQxNUMv40s=",
      "dev": true,
      "requires": {
        "minimist": "^0.1.0"
      },
      "dependencies": {
        "minimist": {
          "version": "0.1.0",
          "resolved": "https://schoology.jfrog.io/schoology/api/npm/npm/minimist/-/minimist-0.1.0.tgz",
          "integrity": "sha1-md9lelJXTCHJBXSX33QnkLK0wN4=",
          "dev": true
        }
      }
    }
  }
}
